// !$*UTF8*$!
{
	archiveVersion = 1;
	classes = {
	};
	objectVersion = 46;
	objects = {

/* Begin PBXBuildFile section */
		1409F32A1E0F387A0088F6D3 /* AppDelegate.swift in Sources */ = {isa = PBXBuildFile; fileRef = 1409F3291E0F387A0088F6D3 /* AppDelegate.swift */; };
		1409F32C1E0F387A0088F6D3 /* ViewController.swift in Sources */ = {isa = PBXBuildFile; fileRef = 1409F32B1E0F387A0088F6D3 /* ViewController.swift */; };
		1409F32F1E0F387A0088F6D3 /* Main.storyboard in Resources */ = {isa = PBXBuildFile; fileRef = 1409F32D1E0F387A0088F6D3 /* Main.storyboard */; };
		1409F3321E0F387A0088F6D3 /* SaveTheKittensExceptTheHairlessOnes.xcdatamodeld in Sources */ = {isa = PBXBuildFile; fileRef = 1409F3301E0F387A0088F6D3 /* SaveTheKittensExceptTheHairlessOnes.xcdatamodeld */; };
		1409F3341E0F387A0088F6D3 /* Assets.xcassets in Resources */ = {isa = PBXBuildFile; fileRef = 1409F3331E0F387A0088F6D3 /* Assets.xcassets */; };
		1409F3371E0F387A0088F6D3 /* LaunchScreen.storyboard in Resources */ = {isa = PBXBuildFile; fileRef = 1409F3351E0F387A0088F6D3 /* LaunchScreen.storyboard */; };
		1409F3421E0F387A0088F6D3 /* SaveTheKittensExceptTheHairlessOnesTests.swift in Sources */ = {isa = PBXBuildFile; fileRef = 1409F3411E0F387A0088F6D3 /* SaveTheKittensExceptTheHairlessOnesTests.swift */; };
		1409F34D1E0F387A0088F6D3 /* SaveTheKittensExceptTheHairlessOnesUITests.swift in Sources */ = {isa = PBXBuildFile; fileRef = 1409F34C1E0F387A0088F6D3 /* SaveTheKittensExceptTheHairlessOnesUITests.swift */; };
/* End PBXBuildFile section */

/* Begin PBXContainerItemProxy section */
		1409F33E1E0F387A0088F6D3 /* PBXContainerItemProxy */ = {
			isa = PBXContainerItemProxy;
			containerPortal = 1409F31E1E0F387A0088F6D3 /* Project object */;
			proxyType = 1;
			remoteGlobalIDString = 1409F3251E0F387A0088F6D3;
			remoteInfo = SaveTheKittensExceptTheHairlessOnes;
		};
		1409F3491E0F387A0088F6D3 /* PBXContainerItemProxy */ = {
			isa = PBXContainerItemProxy;
			containerPortal = 1409F31E1E0F387A0088F6D3 /* Project object */;
			proxyType = 1;
			remoteGlobalIDString = 1409F3251E0F387A0088F6D3;
			remoteInfo = SaveTheKittensExceptTheHairlessOnes;
		};
/* End PBXContainerItemProxy section */

/* Begin PBXFileReference section */
		1409F3261E0F387A0088F6D3 /* SaveTheKittensExceptTheHairlessOnes.app */ = {isa = PBXFileReference; explicitFileType = wrapper.application; includeInIndex = 0; path = SaveTheKittensExceptTheHairlessOnes.app; sourceTree = BUILT_PRODUCTS_DIR; };
		1409F3291E0F387A0088F6D3 /* AppDelegate.swift */ = {isa = PBXFileReference; lastKnownFileType = sourcecode.swift; path = AppDelegate.swift; sourceTree = "<group>"; };
		1409F32B1E0F387A0088F6D3 /* ViewController.swift */ = {isa = PBXFileReference; lastKnownFileType = sourcecode.swift; path = ViewController.swift; sourceTree = "<group>"; };
		1409F32E1E0F387A0088F6D3 /* Base */ = {isa = PBXFileReference; lastKnownFileType = file.storyboard; name = Base; path = Base.lproj/Main.storyboard; sourceTree = "<group>"; };
		1409F3311E0F387A0088F6D3 /* SaveTheKittensExceptTheHairlessOnes.xcdatamodel */ = {isa = PBXFileReference; lastKnownFileType = wrapper.xcdatamodel; path = SaveTheKittensExceptTheHairlessOnes.xcdatamodel; sourceTree = "<group>"; };
		1409F3331E0F387A0088F6D3 /* Assets.xcassets */ = {isa = PBXFileReference; lastKnownFileType = folder.assetcatalog; path = Assets.xcassets; sourceTree = "<group>"; };
		1409F3361E0F387A0088F6D3 /* Base */ = {isa = PBXFileReference; lastKnownFileType = file.storyboard; name = Base; path = Base.lproj/LaunchScreen.storyboard; sourceTree = "<group>"; };
		1409F3381E0F387A0088F6D3 /* Info.plist */ = {isa = PBXFileReference; lastKnownFileType = text.plist.xml; path = Info.plist; sourceTree = "<group>"; };
		1409F33D1E0F387A0088F6D3 /* SaveTheKittensExceptTheHairlessOnesTests.xctest */ = {isa = PBXFileReference; explicitFileType = wrapper.cfbundle; includeInIndex = 0; path = SaveTheKittensExceptTheHairlessOnesTests.xctest; sourceTree = BUILT_PRODUCTS_DIR; };
		1409F3411E0F387A0088F6D3 /* SaveTheKittensExceptTheHairlessOnesTests.swift */ = {isa = PBXFileReference; lastKnownFileType = sourcecode.swift; path = SaveTheKittensExceptTheHairlessOnesTests.swift; sourceTree = "<group>"; };
		1409F3431E0F387A0088F6D3 /* Info.plist */ = {isa = PBXFileReference; lastKnownFileType = text.plist.xml; path = Info.plist; sourceTree = "<group>"; };
		1409F3481E0F387A0088F6D3 /* SaveTheKittensExceptTheHairlessOnesUITests.xctest */ = {isa = PBXFileReference; explicitFileType = wrapper.cfbundle; includeInIndex = 0; path = SaveTheKittensExceptTheHairlessOnesUITests.xctest; sourceTree = BUILT_PRODUCTS_DIR; };
		1409F34C1E0F387A0088F6D3 /* SaveTheKittensExceptTheHairlessOnesUITests.swift */ = {isa = PBXFileReference; lastKnownFileType = sourcecode.swift; path = SaveTheKittensExceptTheHairlessOnesUITests.swift; sourceTree = "<group>"; };
		1409F34E1E0F387A0088F6D3 /* Info.plist */ = {isa = PBXFileReference; lastKnownFileType = text.plist.xml; path = Info.plist; sourceTree = "<group>"; };
/* End PBXFileReference section */

/* Begin PBXFrameworksBuildPhase section */
		1409F3231E0F387A0088F6D3 /* Frameworks */ = {
			isa = PBXFrameworksBuildPhase;
			buildActionMask = 2147483647;
			files = (
			);
			runOnlyForDeploymentPostprocessing = 0;
		};
		1409F33A1E0F387A0088F6D3 /* Frameworks */ = {
			isa = PBXFrameworksBuildPhase;
			buildActionMask = 2147483647;
			files = (
			);
			runOnlyForDeploymentPostprocessing = 0;
		};
		1409F3451E0F387A0088F6D3 /* Frameworks */ = {
			isa = PBXFrameworksBuildPhase;
			buildActionMask = 2147483647;
			files = (
			);
			runOnlyForDeploymentPostprocessing = 0;
		};
/* End PBXFrameworksBuildPhase section */

/* Begin PBXGroup section */
		1409F31D1E0F387A0088F6D3 = {
			isa = PBXGroup;
			children = (
				1409F3281E0F387A0088F6D3 /* SaveTheKittensExceptTheHairlessOnes */,
				1409F3401E0F387A0088F6D3 /* SaveTheKittensExceptTheHairlessOnesTests */,
				1409F34B1E0F387A0088F6D3 /* SaveTheKittensExceptTheHairlessOnesUITests */,
				1409F3271E0F387A0088F6D3 /* Products */,
			);
			sourceTree = "<group>";
		};
		1409F3271E0F387A0088F6D3 /* Products */ = {
			isa = PBXGroup;
			children = (
				1409F3261E0F387A0088F6D3 /* SaveTheKittensExceptTheHairlessOnes.app */,
				1409F33D1E0F387A0088F6D3 /* SaveTheKittensExceptTheHairlessOnesTests.xctest */,
				1409F3481E0F387A0088F6D3 /* SaveTheKittensExceptTheHairlessOnesUITests.xctest */,
			);
			name = Products;
			sourceTree = "<group>";
		};
		1409F3281E0F387A0088F6D3 /* SaveTheKittensExceptTheHairlessOnes */ = {
			isa = PBXGroup;
			children = (
				1409F3291E0F387A0088F6D3 /* AppDelegate.swift */,
				1409F32B1E0F387A0088F6D3 /* ViewController.swift */,
				1409F32D1E0F387A0088F6D3 /* Main.storyboard */,
				1409F3331E0F387A0088F6D3 /* Assets.xcassets */,
				1409F3351E0F387A0088F6D3 /* LaunchScreen.storyboard */,
				1409F3381E0F387A0088F6D3 /* Info.plist */,
				1409F3301E0F387A0088F6D3 /* SaveTheKittensExceptTheHairlessOnes.xcdatamodeld */,
			);
			path = SaveTheKittensExceptTheHairlessOnes;
			sourceTree = "<group>";
		};
		1409F3401E0F387A0088F6D3 /* SaveTheKittensExceptTheHairlessOnesTests */ = {
			isa = PBXGroup;
			children = (
				1409F3411E0F387A0088F6D3 /* SaveTheKittensExceptTheHairlessOnesTests.swift */,
				1409F3431E0F387A0088F6D3 /* Info.plist */,
			);
			path = SaveTheKittensExceptTheHairlessOnesTests;
			sourceTree = "<group>";
		};
		1409F34B1E0F387A0088F6D3 /* SaveTheKittensExceptTheHairlessOnesUITests */ = {
			isa = PBXGroup;
			children = (
				1409F34C1E0F387A0088F6D3 /* SaveTheKittensExceptTheHairlessOnesUITests.swift */,
				1409F34E1E0F387A0088F6D3 /* Info.plist */,
			);
			path = SaveTheKittensExceptTheHairlessOnesUITests;
			sourceTree = "<group>";
		};
/* End PBXGroup section */

/* Begin PBXNativeTarget section */
		1409F3251E0F387A0088F6D3 /* SaveTheKittensExceptTheHairlessOnes */ = {
			isa = PBXNativeTarget;
			buildConfigurationList = 1409F3511E0F387A0088F6D3 /* Build configuration list for PBXNativeTarget "SaveTheKittensExceptTheHairlessOnes" */;
			buildPhases = (
				1409F3221E0F387A0088F6D3 /* Sources */,
				1409F3231E0F387A0088F6D3 /* Frameworks */,
				1409F3241E0F387A0088F6D3 /* Resources */,
			);
			buildRules = (
			);
			dependencies = (
			);
			name = SaveTheKittensExceptTheHairlessOnes;
			productName = SaveTheKittensExceptTheHairlessOnes;
			productReference = 1409F3261E0F387A0088F6D3 /* SaveTheKittensExceptTheHairlessOnes.app */;
			productType = "com.apple.product-type.application";
		};
		1409F33C1E0F387A0088F6D3 /* SaveTheKittensExceptTheHairlessOnesTests */ = {
			isa = PBXNativeTarget;
			buildConfigurationList = 1409F3541E0F387A0088F6D3 /* Build configuration list for PBXNativeTarget "SaveTheKittensExceptTheHairlessOnesTests" */;
			buildPhases = (
				1409F3391E0F387A0088F6D3 /* Sources */,
				1409F33A1E0F387A0088F6D3 /* Frameworks */,
				1409F33B1E0F387A0088F6D3 /* Resources */,
			);
			buildRules = (
			);
			dependencies = (
				1409F33F1E0F387A0088F6D3 /* PBXTargetDependency */,
			);
			name = SaveTheKittensExceptTheHairlessOnesTests;
			productName = SaveTheKittensExceptTheHairlessOnesTests;
			productReference = 1409F33D1E0F387A0088F6D3 /* SaveTheKittensExceptTheHairlessOnesTests.xctest */;
			productType = "com.apple.product-type.bundle.unit-test";
		};
		1409F3471E0F387A0088F6D3 /* SaveTheKittensExceptTheHairlessOnesUITests */ = {
			isa = PBXNativeTarget;
			buildConfigurationList = 1409F3571E0F387A0088F6D3 /* Build configuration list for PBXNativeTarget "SaveTheKittensExceptTheHairlessOnesUITests" */;
			buildPhases = (
				1409F3441E0F387A0088F6D3 /* Sources */,
				1409F3451E0F387A0088F6D3 /* Frameworks */,
				1409F3461E0F387A0088F6D3 /* Resources */,
			);
			buildRules = (
			);
			dependencies = (
				1409F34A1E0F387A0088F6D3 /* PBXTargetDependency */,
			);
			name = SaveTheKittensExceptTheHairlessOnesUITests;
			productName = SaveTheKittensExceptTheHairlessOnesUITests;
			productReference = 1409F3481E0F387A0088F6D3 /* SaveTheKittensExceptTheHairlessOnesUITests.xctest */;
			productType = "com.apple.product-type.bundle.ui-testing";
		};
/* End PBXNativeTarget section */

/* Begin PBXProject section */
		1409F31E1E0F387A0088F6D3 /* Project object */ = {
			isa = PBXProject;
			attributes = {
				LastSwiftUpdateCheck = 0820;
				LastUpgradeCheck = 0820;
				ORGANIZATIONNAME = "Raffel House";
				TargetAttributes = {
					1409F3251E0F387A0088F6D3 = {
						CreatedOnToolsVersion = 8.2;
						DevelopmentTeam = H7P9W6GUDS;
						ProvisioningStyle = Automatic;
					};
					1409F33C1E0F387A0088F6D3 = {
						CreatedOnToolsVersion = 8.2;
						DevelopmentTeam = H7P9W6GUDS;
						ProvisioningStyle = Automatic;
						TestTargetID = 1409F3251E0F387A0088F6D3;
					};
					1409F3471E0F387A0088F6D3 = {
						CreatedOnToolsVersion = 8.2;
						DevelopmentTeam = H7P9W6GUDS;
						ProvisioningStyle = Automatic;
						TestTargetID = 1409F3251E0F387A0088F6D3;
					};
				};
			};
			buildConfigurationList = 1409F3211E0F387A0088F6D3 /* Build configuration list for PBXProject "SaveTheKittensExceptTheHairlessOnes" */;
			compatibilityVersion = "Xcode 3.2";
			developmentRegion = English;
			hasScannedForEncodings = 0;
			knownRegions = (
				en,
				Base,
			);
			mainGroup = 1409F31D1E0F387A0088F6D3;
			productRefGroup = 1409F3271E0F387A0088F6D3 /* Products */;
			projectDirPath = "";
			projectRoot = "";
			targets = (
				1409F3251E0F387A0088F6D3 /* SaveTheKittensExceptTheHairlessOnes */,
				1409F33C1E0F387A0088F6D3 /* SaveTheKittensExceptTheHairlessOnesTests */,
				1409F3471E0F387A0088F6D3 /* SaveTheKittensExceptTheHairlessOnesUITests */,
			);
		};
/* End PBXProject section */

/* Begin PBXResourcesBuildPhase section */
		1409F3241E0F387A0088F6D3 /* Resources */ = {
			isa = PBXResourcesBuildPhase;
			buildActionMask = 2147483647;
			files = (
				1409F3371E0F387A0088F6D3 /* LaunchScreen.storyboard in Resources */,
				1409F3341E0F387A0088F6D3 /* Assets.xcassets in Resources */,
				1409F32F1E0F387A0088F6D3 /* Main.storyboard in Resources */,
			);
			runOnlyForDeploymentPostprocessing = 0;
		};
		1409F33B1E0F387A0088F6D3 /* Resources */ = {
			isa = PBXResourcesBuildPhase;
			buildActionMask = 2147483647;
			files = (
			);
			runOnlyForDeploymentPostprocessing = 0;
		};
		1409F3461E0F387A0088F6D3 /* Resources */ = {
			isa = PBXResourcesBuildPhase;
			buildActionMask = 2147483647;
			files = (
			);
			runOnlyForDeploymentPostprocessing = 0;
		};
/* End PBXResourcesBuildPhase section */

/* Begin PBXSourcesBuildPhase section */
		1409F3221E0F387A0088F6D3 /* Sources */ = {
			isa = PBXSourcesBuildPhase;
			buildActionMask = 2147483647;
			files = (
				1409F32C1E0F387A0088F6D3 /* ViewController.swift in Sources */,
				1409F32A1E0F387A0088F6D3 /* AppDelegate.swift in Sources */,
				1409F3321E0F387A0088F6D3 /* SaveTheKittensExceptTheHairlessOnes.xcdatamodeld in Sources */,
			);
			runOnlyForDeploymentPostprocessing = 0;
		};
		1409F3391E0F387A0088F6D3 /* Sources */ = {
			isa = PBXSourcesBuildPhase;
			buildActionMask = 2147483647;
			files = (
				1409F3421E0F387A0088F6D3 /* SaveTheKittensExceptTheHairlessOnesTests.swift in Sources */,
			);
			runOnlyForDeploymentPostprocessing = 0;
		};
		1409F3441E0F387A0088F6D3 /* Sources */ = {
			isa = PBXSourcesBuildPhase;
			buildActionMask = 2147483647;
			files = (
				1409F34D1E0F387A0088F6D3 /* SaveTheKittensExceptTheHairlessOnesUITests.swift in Sources */,
			);
			runOnlyForDeploymentPostprocessing = 0;
		};
/* End PBXSourcesBuildPhase section */

/* Begin PBXTargetDependency section */
		1409F33F1E0F387A0088F6D3 /* PBXTargetDependency */ = {
			isa = PBXTargetDependency;
			target = 1409F3251E0F387A0088F6D3 /* SaveTheKittensExceptTheHairlessOnes */;
			targetProxy = 1409F33E1E0F387A0088F6D3 /* PBXContainerItemProxy */;
		};
		1409F34A1E0F387A0088F6D3 /* PBXTargetDependency */ = {
			isa = PBXTargetDependency;
			target = 1409F3251E0F387A0088F6D3 /* SaveTheKittensExceptTheHairlessOnes */;
			targetProxy = 1409F3491E0F387A0088F6D3 /* PBXContainerItemProxy */;
		};
/* End PBXTargetDependency section */

/* Begin PBXVariantGroup section */
		1409F32D1E0F387A0088F6D3 /* Main.storyboard */ = {
			isa = PBXVariantGroup;
			children = (
				1409F32E1E0F387A0088F6D3 /* Base */,
			);
			name = Main.storyboard;
			sourceTree = "<group>";
		};
		1409F3351E0F387A0088F6D3 /* LaunchScreen.storyboard */ = {
			isa = PBXVariantGroup;
			children = (
				1409F3361E0F387A0088F6D3 /* Base */,
			);
			name = LaunchScreen.storyboard;
			sourceTree = "<group>";
		};
/* End PBXVariantGroup section */

/* Begin XCBuildConfiguration section */
		1409F34F1E0F387A0088F6D3 /* Debug */ = {
			isa = XCBuildConfiguration;
			buildSettings = {
				ALWAYS_SEARCH_USER_PATHS = NO;
				CLANG_ANALYZER_NONNULL = YES;
				CLANG_CXX_LANGUAGE_STANDARD = "gnu++0x";
				CLANG_CXX_LIBRARY = "libc++";
				CLANG_ENABLE_MODULES = YES;
				CLANG_ENABLE_OBJC_ARC = YES;
				CLANG_WARN_BOOL_CONVERSION = YES;
				CLANG_WARN_CONSTANT_CONVERSION = YES;
				CLANG_WARN_DIRECT_OBJC_ISA_USAGE = YES_ERROR;
				CLANG_WARN_DOCUMENTATION_COMMENTS = YES;
				CLANG_WARN_EMPTY_BODY = YES;
				CLANG_WARN_ENUM_CONVERSION = YES;
				CLANG_WARN_INFINITE_RECURSION = YES;
				CLANG_WARN_INT_CONVERSION = YES;
				CLANG_WARN_OBJC_ROOT_CLASS = YES_ERROR;
				CLANG_WARN_SUSPICIOUS_MOVE = YES;
				CLANG_WARN_UNREACHABLE_CODE = YES;
				CLANG_WARN__DUPLICATE_METHOD_MATCH = YES;
				"CODE_SIGN_IDENTITY[sdk=iphoneos*]" = "iPhone Developer";
				COPY_PHASE_STRIP = NO;
				DEBUG_INFORMATION_FORMAT = dwarf;
				ENABLE_STRICT_OBJC_MSGSEND = YES;
				ENABLE_TESTABILITY = YES;
				GCC_C_LANGUAGE_STANDARD = gnu99;
				GCC_DYNAMIC_NO_PIC = NO;
				GCC_NO_COMMON_BLOCKS = YES;
				GCC_OPTIMIZATION_LEVEL = 0;
				GCC_PREPROCESSOR_DEFINITIONS = (
					"DEBUG=1",
					"$(inherited)",
				);
				GCC_WARN_64_TO_32_BIT_CONVERSION = YES;
				GCC_WARN_ABOUT_RETURN_TYPE = YES_ERROR;
				GCC_WARN_UNDECLARED_SELECTOR = YES;
				GCC_WARN_UNINITIALIZED_AUTOS = YES_AGGRESSIVE;
				GCC_WARN_UNUSED_FUNCTION = YES;
				GCC_WARN_UNUSED_VARIABLE = YES;
				IPHONEOS_DEPLOYMENT_TARGET = 10.2;
				MTL_ENABLE_DEBUG_INFO = YES;
				ONLY_ACTIVE_ARCH = YES;
				SDKROOT = iphoneos;
				SWIFT_ACTIVE_COMPILATION_CONDITIONS = DEBUG;
				SWIFT_OPTIMIZATION_LEVEL = "-Onone";
				TARGETED_DEVICE_FAMILY = "1,2";
			};
			name = Debug;
		};
		1409F3501E0F387A0088F6D3 /* Release */ = {
			isa = XCBuildConfiguration;
			buildSettings = {
				ALWAYS_SEARCH_USER_PATHS = NO;
				CLANG_ANALYZER_NONNULL = YES;
				CLANG_CXX_LANGUAGE_STANDARD = "gnu++0x";
				CLANG_CXX_LIBRARY = "libc++";
				CLANG_ENABLE_MODULES = YES;
				CLANG_ENABLE_OBJC_ARC = YES;
				CLANG_WARN_BOOL_CONVERSION = YES;
				CLANG_WARN_CONSTANT_CONVERSION = YES;
				CLANG_WARN_DIRECT_OBJC_ISA_USAGE = YES_ERROR;
				CLANG_WARN_DOCUMENTATION_COMMENTS = YES;
				CLANG_WARN_EMPTY_BODY = YES;
				CLANG_WARN_ENUM_CONVERSION = YES;
				CLANG_WARN_INFINITE_RECURSION = YES;
				CLANG_WARN_INT_CONVERSION = YES;
				CLANG_WARN_OBJC_ROOT_CLASS = YES_ERROR;
				CLANG_WARN_SUSPICIOUS_MOVE = YES;
				CLANG_WARN_UNREACHABLE_CODE = YES;
				CLANG_WARN__DUPLICATE_METHOD_MATCH = YES;
				"CODE_SIGN_IDENTITY[sdk=iphoneos*]" = "iPhone Developer";
				COPY_PHASE_STRIP = NO;
				DEBUG_INFORMATION_FORMAT = "dwarf-with-dsym";
				ENABLE_NS_ASSERTIONS = NO;
				ENABLE_STRICT_OBJC_MSGSEND = YES;
				GCC_C_LANGUAGE_STANDARD = gnu99;
				GCC_NO_COMMON_BLOCKS = YES;
				GCC_WARN_64_TO_32_BIT_CONVERSION = YES;
				GCC_WARN_ABOUT_RETURN_TYPE = YES_ERROR;
				GCC_WARN_UNDECLARED_SELECTOR = YES;
				GCC_WARN_UNINITIALIZED_AUTOS = YES_AGGRESSIVE;
				GCC_WARN_UNUSED_FUNCTION = YES;
				GCC_WARN_UNUSED_VARIABLE = YES;
				IPHONEOS_DEPLOYMENT_TARGET = 10.2;
				MTL_ENABLE_DEBUG_INFO = NO;
				SDKROOT = iphoneos;
				SWIFT_OPTIMIZATION_LEVEL = "-Owholemodule";
				TARGETED_DEVICE_FAMILY = "1,2";
				VALIDATE_PRODUCT = YES;
			};
			name = Release;
		};
		1409F3521E0F387A0088F6D3 /* Debug */ = {
			isa = XCBuildConfiguration;
			buildSettings = {
				ASSETCATALOG_COMPILER_APPICON_NAME = AppIcon;
				DEVELOPMENT_TEAM = H7P9W6GUDS;
				INFOPLIST_FILE = SaveTheKittensExceptTheHairlessOnes/Info.plist;
				LD_RUNPATH_SEARCH_PATHS = "$(inherited) @executable_path/Frameworks";
				PRODUCT_BUNDLE_IDENTIFIER = com.RaffelHouse.SaveTheKittensExceptTheHairlessOnes;
				PRODUCT_NAME = "$(TARGET_NAME)";
				SWIFT_VERSION = 3.0;
			};
			name = Debug;
		};
		1409F3531E0F387A0088F6D3 /* Release */ = {
			isa = XCBuildConfiguration;
			buildSettings = {
				ASSETCATALOG_COMPILER_APPICON_NAME = AppIcon;
				DEVELOPMENT_TEAM = H7P9W6GUDS;
				INFOPLIST_FILE = SaveTheKittensExceptTheHairlessOnes/Info.plist;
				LD_RUNPATH_SEARCH_PATHS = "$(inherited) @executable_path/Frameworks";
				PRODUCT_BUNDLE_IDENTIFIER = com.RaffelHouse.SaveTheKittensExceptTheHairlessOnes;
				PRODUCT_NAME = "$(TARGET_NAME)";
				SWIFT_VERSION = 3.0;
			};
			name = Release;
		};
		1409F3551E0F387A0088F6D3 /* Debug */ = {
			isa = XCBuildConfiguration;
			buildSettings = {
				ALWAYS_EMBED_SWIFT_STANDARD_LIBRARIES = YES;
				BUNDLE_LOADER = "$(TEST_HOST)";
				DEVELOPMENT_TEAM = H7P9W6GUDS;
				INFOPLIST_FILE = SaveTheKittensExceptTheHairlessOnesTests/Info.plist;
				LD_RUNPATH_SEARCH_PATHS = "$(inherited) @executable_path/Frameworks @loader_path/Frameworks";
				PRODUCT_BUNDLE_IDENTIFIER = com.RaffelHouse.SaveTheKittensExceptTheHairlessOnesTests;
				PRODUCT_NAME = "$(TARGET_NAME)";
				SWIFT_VERSION = 3.0;
				TEST_HOST = "$(BUILT_PRODUCTS_DIR)/SaveTheKittensExceptTheHairlessOnes.app/SaveTheKittensExceptTheHairlessOnes";
			};
			name = Debug;
		};
		1409F3561E0F387A0088F6D3 /* Release */ = {
			isa = XCBuildConfiguration;
			buildSettings = {
				ALWAYS_EMBED_SWIFT_STANDARD_LIBRARIES = YES;
				BUNDLE_LOADER = "$(TEST_HOST)";
				DEVELOPMENT_TEAM = H7P9W6GUDS;
				INFOPLIST_FILE = SaveTheKittensExceptTheHairlessOnesTests/Info.plist;
				LD_RUNPATH_SEARCH_PATHS = "$(inherited) @executable_path/Frameworks @loader_path/Frameworks";
				PRODUCT_BUNDLE_IDENTIFIER = com.RaffelHouse.SaveTheKittensExceptTheHairlessOnesTests;
				PRODUCT_NAME = "$(TARGET_NAME)";
				SWIFT_VERSION = 3.0;
				TEST_HOST = "$(BUILT_PRODUCTS_DIR)/SaveTheKittensExceptTheHairlessOnes.app/SaveTheKittensExceptTheHairlessOnes";
			};
			name = Release;
		};
		1409F3581E0F387A0088F6D3 /* Debug */ = {
			isa = XCBuildConfiguration;
			buildSettings = {
				ALWAYS_EMBED_SWIFT_STANDARD_LIBRARIES = YES;
				DEVELOPMENT_TEAM = H7P9W6GUDS;
				INFOPLIST_FILE = SaveTheKittensExceptTheHairlessOnesUITests/Info.plist;
				LD_RUNPATH_SEARCH_PATHS = "$(inherited) @executable_path/Frameworks @loader_path/Frameworks";
				PRODUCT_BUNDLE_IDENTIFIER = com.RaffelHouse.SaveTheKittensExceptTheHairlessOnesUITests;
				PRODUCT_NAME = "$(TARGET_NAME)";
				SWIFT_VERSION = 3.0;
				TEST_TARGET_NAME = SaveTheKittensExceptTheHairlessOnes;
			};
			name = Debug;
		};
		1409F3591E0F387A0088F6D3 /* Release */ = {
			isa = XCBuildConfiguration;
			buildSettings = {
				ALWAYS_EMBED_SWIFT_STANDARD_LIBRARIES = YES;
				DEVELOPMENT_TEAM = H7P9W6GUDS;
				INFOPLIST_FILE = SaveTheKittensExceptTheHairlessOnesUITests/Info.plist;
				LD_RUNPATH_SEARCH_PATHS = "$(inherited) @executable_path/Frameworks @loader_path/Frameworks";
				PRODUCT_BUNDLE_IDENTIFIER = com.RaffelHouse.SaveTheKittensExceptTheHairlessOnesUITests;
				PRODUCT_NAME = "$(TARGET_NAME)";
				SWIFT_VERSION = 3.0;
				TEST_TARGET_NAME = SaveTheKittensExceptTheHairlessOnes;
			};
			name = Release;
		};
/* End XCBuildConfiguration section */

/* Begin XCConfigurationList section */
		1409F3211E0F387A0088F6D3 /* Build configuration list for PBXProject "SaveTheKittensExceptTheHairlessOnes" */ = {
			isa = XCConfigurationList;
			buildConfigurations = (
				1409F34F1E0F387A0088F6D3 /* Debug */,
				1409F3501E0F387A0088F6D3 /* Release */,
			);
			defaultConfigurationIsVisible = 0;
			defaultConfigurationName = Release;
		};
		1409F3511E0F387A0088F6D3 /* Build configuration list for PBXNativeTarget "SaveTheKittensExceptTheHairlessOnes" */ = {
			isa = XCConfigurationList;
			buildConfigurations = (
				1409F3521E0F387A0088F6D3 /* Debug */,
				1409F3531E0F387A0088F6D3 /* Release */,
			);
			defaultConfigurationIsVisible = 0;
		};
		1409F3541E0F387A0088F6D3 /* Build configuration list for PBXNativeTarget "SaveTheKittensExceptTheHairlessOnesTests" */ = {
			isa = XCConfigurationList;
			buildConfigurations = (
				1409F3551E0F387A0088F6D3 /* Debug */,
				1409F3561E0F387A0088F6D3 /* Release */,
			);
			defaultConfigurationIsVisible = 0;
		};
		1409F3571E0F387A0088F6D3 /* Build configuration list for PBXNativeTarget "SaveTheKittensExceptTheHairlessOnesUITests" */ = {
			isa = XCConfigurationList;
			buildConfigurations = (
				1409F3581E0F387A0088F6D3 /* Debug */,
				1409F3591E0F387A0088F6D3 /* Release */,
			);
			defaultConfigurationIsVisible = 0;
		};
/* End XCConfigurationList section */

/* Begin XCVersionGroup section */
		1409F3301E0F387A0088F6D3 /* SaveTheKittensExceptTheHairlessOnes.xcdatamodeld */ = {
			isa = XCVersionGroup;
			children = (
				1409F3311E0F387A0088F6D3 /* SaveTheKittensExceptTheHairlessOnes.xcdatamodel */,
			);
			currentVersion = 1409F3311E0F387A0088F6D3 /* SaveTheKittensExceptTheHairlessOnes.xcdatamodel */;
			path = SaveTheKittensExceptTheHairlessOnes.xcdatamodeld;
			sourceTree = "<group>";
			versionGroupType = wrapper.xcdatamodel;
		};
/* End XCVersionGroup section */
	};
	rootObject = 1409F31E1E0F387A0088F6D3 /* Project object */;
}
